{
  "name": "oracle-connection",
  "lockfileVersion": 3,
  "requires": true,
  "packages": {
    "": {
      "dependencies": {
        "oracledb": "/home/vandalieu06/descargas/tmp/node-oracledb"
      }
    },
    "../../../../descargas/tmp/node-oracledb": {
      "name": "oracledb",
      "version": "6.6.0",
      "hasInstallScript": true,
      "license": "(Apache-2.0 OR UPL-1.0)",
      "devDependencies": {
        "eslint": "8.15.0",
        "mocha": "10.2.0"
      },
      "engines": {
        "node": ">=14.6"
      }
    },
    "node_modules/oracledb": {
      "resolved": "../../../../descargas/tmp/node-oracledb",
      "link": true
    }
  }
}
